# THIS IS AN AUTOGENERATED FILE. DO NOT EDIT THIS FILE DIRECTLY.
# yarn lockfile v1


"@types/prop-types@*":
  version "15.7.3"
  resolved "https://registry.yarnpkg.com/@types/prop-types/-/prop-types-15.7.3.tgz#2ab0d5da2e5815f94b0b9d4b95d1e5f243ab2ca7"
  integrity sha512-KfRL3PuHmqQLOG+2tGpRO26Ctg+Cq1E01D2DMriKEATHgWLfeNDmq9e29Q9WIky0dQ3NPkd1mzYH8Lm936Z9qw==

"@types/react-lazy-load-image-component@^1.5.1":
  version "1.5.1"
  resolved "https://registry.yarnpkg.com/@types/react-lazy-load-image-component/-/react-lazy-load-image-component-1.5.1.tgz#8c62890c900656cc4fd2ca796086e394b508e5d4"
  integrity sha512-MvR5/20LXczHorci3Yuo3c8/iSHqpSw5MC5aYnEPwytCitm6rd/fz7GFjRCk9wjjGS9750IP6qSP87oU9G+lSA==
  dependencies:
    "@types/react" "*"
    csstype "^3.0.2"

"@types/react-slick@^0.23.4":
  version "0.23.4"
  resolved "https://registry.yarnpkg.com/@types/react-slick/-/react-slick-0.23.4.tgz#c97e2a9e7e3d1933c68593b8e82752fab1e8ce53"
  integrity sha512-vXoIy4GUfB7/YgqubR4H7RALo+pRdMYCeLgWwV3MPwl5pggTlEkFBTF19R7u+LJc85uMqC7RfsbkqPLMQ4ab+A==
  dependencies:
    "@types/react" "*"

"@types/react@*":
  version "17.0.0"
  resolved "https://registry.yarnpkg.com/@types/react/-/react-17.0.0.tgz#5af3eb7fad2807092f0046a1302b7823e27919b8"
  integrity sha512-aj/L7RIMsRlWML3YB6KZiXB3fV2t41+5RBGYF8z+tAKU43Px8C3cYUZsDvf1/+Bm4FK21QWBrDutu8ZJ/70qOw==
  dependencies:
    "@types/prop-types" "*"
    csstype "^3.0.2"

"@types/react@^16.9.0":
  version "16.14.2"
  resolved "https://registry.yarnpkg.com/@types/react/-/react-16.14.2.tgz#85dcc0947d0645349923c04ccef6018a1ab7538c"
  integrity sha512-BzzcAlyDxXl2nANlabtT4thtvbbnhee8hMmH/CcJrISDBVcJS1iOsP1f0OAgSdGE0MsY9tqcrb9YoZcOFv9dbQ==
  dependencies:
    "@types/prop-types" "*"
    csstype "^3.0.2"

classnames@^2.2.5:
  version "2.2.6"
  resolved "https://registry.yarnpkg.com/classnames/-/classnames-2.2.6.tgz#43935bffdd291f326dad0a205309b38d00f650ce"
  integrity sha512-JR/iSQOSt+LQIWwrwEzJ9uk0xfN3mTVYMwt1Ir5mUcSN6pU+V4zQFFaJsclJbPuAUQH+yfWef6tm7l1quW3C8Q==

csstype@^3.0.2:
  version "3.0.5"
  resolved "https://registry.yarnpkg.com/csstype/-/csstype-3.0.5.tgz#7fdec6a28a67ae18647c51668a9ff95bb2fa7bb8"
  integrity sha512-uVDi8LpBUKQj6sdxNaTetL6FpeCqTjOvAQuQUa/qAqq8oOd4ivkbhgnqayl0dnPal8Tb/yB1tF+gOvCBiicaiQ==

enquire.js@^2.1.6:
  version "2.1.6"
  resolved "https://registry.yarnpkg.com/enquire.js/-/enquire.js-2.1.6.tgz#3e8780c9b8b835084c3f60e166dbc3c2a3c89814"
  integrity sha1-PoeAybi4NQhMP2DhZtvDwqPImBQ=

json2mq@^0.2.0:
  version "0.2.0"
  resolved "https://registry.yarnpkg.com/json2mq/-/json2mq-0.2.0.tgz#b637bd3ba9eabe122c83e9720483aeb10d2c904a"
  integrity sha1-tje9O6nqvhIsg+lyBIOusQ0skEo=
  dependencies:
    string-convert "^0.2.0"

lodash.debounce@^4.0.8:
  version "4.0.8"
  resolved "https://registry.yarnpkg.com/lodash.debounce/-/lodash.debounce-4.0.8.tgz#82d79bff30a67c4005ffd5e2515300ad9ca4d7af"
  integrity sha1-gteb/zCmfEAF/9XiUVMArZyk168=

lodash.throttle@^4.1.1:
  version "4.1.1"
  resolved "https://registry.yarnpkg.com/lodash.throttle/-/lodash.throttle-4.1.1.tgz#c23e91b710242ac70c37f1e1cda9274cc39bf2f4"
  integrity sha1-wj6RtxAkKscMN/HhzaknTMOb8vQ=

react-lazy-load-image-component@^1.5.0:
  version "1.5.0"
  resolved "https://registry.yarnpkg.com/react-lazy-load-image-component/-/react-lazy-load-image-component-1.5.0.tgz#48939f86cb262b93b345c6fa6322f75ede55160d"
  integrity sha512-dAvuueTq0FNjswHEII8tcd0FRRHZgPoIdVhE1fcAfCdqY7LZ37IHd0xWb2c6rCl+dsSm9Z4AloEffM8JYPxTlA==
  dependencies:
    lodash.debounce "^4.0.8"
    lodash.throttle "^4.1.1"

react-slick@^0.27.13:
  version "0.27.13"
  resolved "https://registry.yarnpkg.com/react-slick/-/react-slick-0.27.13.tgz#1fdb60f56b1a08ffbafaa2251924845f1e192230"
  integrity sha512-ZR6rjZEgvU5S/H3YCZtafvxouhwOnfx/FKEXCQJYVnw+DF5WbNhC3vorKhBJ1ebn3bKwnVeM6vBzGD5Oz/LAdQ==
  dependencies:
    classnames "^2.2.5"
    enquire.js "^2.1.6"
    json2mq "^0.2.0"
    lodash.debounce "^4.0.8"
    resize-observer-polyfill "^1.5.0"

resize-observer-polyfill@^1.5.0:
  version "1.5.1"
  resolved "https://registry.yarnpkg.com/resize-observer-polyfill/-/resize-observer-polyfill-1.5.1.tgz#0e9020dd3d21024458d4ebd27e23e40269810464"
  integrity sha512-LwZrotdHOo12nQuZlHEmtuXdqGoOD0OhaxopaNFxWzInpEgaLWoVuAMbTzixuosCx2nEG58ngzW3vxdWoxIgdg==

slick-carousel@^1.8.1:
  version "1.8.1"
  resolved "https://registry.yarnpkg.com/slick-carousel/-/slick-carousel-1.8.1.tgz#a4bfb29014887bb66ce528b90bd0cda262cc8f8d"
  integrity sha512-XB9Ftrf2EEKfzoQXt3Nitrt/IPbT+f1fgqBdoxO3W/+JYvtEOW6EgxnWfr9GH6nmULv7Y2tPmEX3koxThVmebA==

string-convert@^0.2.0:
  version "0.2.1"
  resolved "https://registry.yarnpkg.com/string-convert/-/string-convert-0.2.1.tgz#6982cc3049fbb4cd85f8b24568b9d9bf39eeff97"
  integrity sha1-aYLMMEn7tM2F+LJFaLnZvznu/5c=
